
Microsoft Visual Studio Solution File, Format Version 12.00
# Visual Studio 15
VisualStudioVersion = 15.0.28307.168
MinimumVisualStudioVersion = 10.0.40219.1
Project("{FAE04EC0-301F-11D3-BF4B-00C04F79EFBC}") = "MarkupConverter", "MarkupConverter\MarkupConverter.csproj", "{DC692379-518F-4241-9BBA-4E3F4A9BCE13}"
EndProject
Project("{FAE04EC0-301F-11D3-BF4B-00C04F79EFBC}") = "MarkupConverterTester", "MarkupConverterTester\MarkupConverterTester.csproj", "{1ABE59FC-29CF-4FCA-A912-B0A86AE0354F}"
EndProject
Global
	GlobalSection(SolutionConfigurationPlatforms) = preSolution
		Debug|Any CPU = Debug|Any CPU
		Debug|x64 = Debug|x64
		Debug|x86 = Debug|x86
		Release|Any CPU = Release|Any CPU
		Release|x64 = Release|x64
		Release|x86 = Release|x86
	EndGlobalSection
	GlobalSection(ProjectConfigurationPlatforms) = postSolution
		{DC692379-518F-4241-9BBA-4E3F4A9BCE13}.Debug|Any CPU.ActiveCfg = Debug|Any CPU
		{DC692379-518F-4241-9BBA-4E3F4A9BCE13}.Debug|Any CPU.Build.0 = Debug|Any CPU
		{DC692379-518F-4241-9BBA-4E3F4A9BCE13}.Debug|x64.ActiveCfg = Debug|x64
		{DC692379-518F-4241-9BBA-4E3F4A9BCE13}.Debug|x64.Build.0 = Debug|x64
		{DC692379-518F-4241-9BBA-4E3F4A9BCE13}.Debug|x86.ActiveCfg = Debug|x86
		{DC692379-518F-4241-9BBA-4E3F4A9BCE13}.Debug|x86.Build.0 = Debug|x86
		{DC692379-518F-4241-9BBA-4E3F4A9BCE13}.Release|Any CPU.ActiveCfg = Release|Any CPU
		{DC692379-518F-4241-9BBA-4E3F4A9BCE13}.Release|Any CPU.Build.0 = Release|Any CPU
		{DC692379-518F-4241-9BBA-4E3F4A9BCE13}.Release|x64.ActiveCfg = Release|x64
		{DC692379-518F-4241-9BBA-4E3F4A9BCE13}.Release|x64.Build.0 = Release|x64
		{DC692379-518F-4241-9BBA-4E3F4A9BCE13}.Release|x86.ActiveCfg = Release|x86
		{DC692379-518F-4241-9BBA-4E3F4A9BCE13}.Release|x86.Build.0 = Release|x86
		{1ABE59FC-29CF-4FCA-A912-B0A86AE0354F}.Debug|Any CPU.ActiveCfg = Debug|Any CPU
		{1ABE59FC-29CF-4FCA-A912-B0A86AE0354F}.Debug|Any CPU.Build.0 = Debug|Any CPU
		{1ABE59FC-29CF-4FCA-A912-B0A86AE0354F}.Debug|x64.ActiveCfg = Debug|x64
		{1ABE59FC-29CF-4FCA-A912-B0A86AE0354F}.Debug|x64.Build.0 = Debug|x64
		{1ABE59FC-29CF-4FCA-A912-B0A86AE0354F}.Debug|x86.ActiveCfg = Debug|x86
		{1ABE59FC-29CF-4FCA-A912-B0A86AE0354F}.Debug|x86.Build.0 = Debug|x86
		{1ABE59FC-29CF-4FCA-A912-B0A86AE0354F}.Release|Any CPU.ActiveCfg = Release|Any CPU
		{1ABE59FC-29CF-4FCA-A912-B0A86AE0354F}.Release|Any CPU.Build.0 = Release|Any CPU
		{1ABE59FC-29CF-4FCA-A912-B0A86AE0354F}.Release|x64.ActiveCfg = Release|x64
		{1ABE59FC-29CF-4FCA-A912-B0A86AE0354F}.Release|x64.Build.0 = Release|x64
		{1ABE59FC-29CF-4FCA-A912-B0A86AE0354F}.Release|x86.ActiveCfg = Release|x86
		{1ABE59FC-29CF-4FCA-A912-B0A86AE0354F}.Release|x86.Build.0 = Release|x86
	EndGlobalSection
	GlobalSection(SolutionProperties) = preSolution
		HideSolutionNode = FALSE
	EndGlobalSection
	GlobalSection(ExtensibilityGlobals) = postSolution
		SolutionGuid = {A542A745-00A8-4619-88F7-38D9A31AAF52}
	EndGlobalSection
EndGlobal
